
Microsoft Visual Studio Solution File, Format Version 12.00
# Visual Studio Version 16
VisualStudioVersion = 16.0.31019.35
MinimumVisualStudioVersion = 10.0.40219.1
Project("{9A19103F-16F7-4668-BE54-9A1E7A4F7556}") = "03-Construtores", "03-Construtores\03-Construtores.csproj", "{AC93362F-9626-4599-A33B-B1E3B4DC9E63}"
EndProject
Project("{9A19103F-16F7-4668-BE54-9A1E7A4F7556}") = "04-Sobrecarga", "04-Sobrecarga\04-Sobrecarga.csproj", "{E8CBF7D5-FC77-4D7C-9BC6-9BFE257B767D}"
EndProject
Project("{9A19103F-16F7-4668-BE54-9A1E7A4F7556}") = "01-ClassesAtributosMetodos", "01-ClassesAtributosMetodos\01-ClassesAtributosMetodos.csproj", "{ED5C495F-74F5-4894-9D9F-D829BE9680E1}"
EndProject
Project("{9A19103F-16F7-4668-BE54-9A1E7A4F7556}") = "02-MembrosEstaticos", "02-MembrosEstaticos\02-MembrosEstaticos.csproj", "{E9C5F51F-506E-453D-8E35-37A4206B3091}"
EndProject
Project("{9A19103F-16F7-4668-BE54-9A1E7A4F7556}") = "05-SintaxeAlternativaCSharp", "05-SintaxeAlternativaCSharp\05-SintaxeAlternativaCSharp.csproj", "{2FA67E6B-9E9A-4047-823D-BCB8D5192EF1}"
EndProject
Project("{9A19103F-16F7-4668-BE54-9A1E7A4F7556}") = "06-This", "06-This\06-This.csproj", "{AC0BB977-6512-43DC-B2EE-DDE2DFF13A3B}"
EndProject
Project("{9A19103F-16F7-4668-BE54-9A1E7A4F7556}") = "07-Encapsulamento", "07-Encapsulamento\07-Encapsulamento.csproj", "{CE2D7D46-A7C1-4E77-9974-B54C60115173}"
EndProject
Project("{9A19103F-16F7-4668-BE54-9A1E7A4F7556}") = "08-Properties", "08-Properties\08-Properties.csproj", "{D5CDD174-FE91-4735-B117-EF98E9C7FA0B}"
EndProject
Project("{9A19103F-16F7-4668-BE54-9A1E7A4F7556}") = "09-AutoProperties", "09-AutoProperties\09-AutoProperties.csproj", "{282A709D-0307-474B-A596-241204CCC176}"
EndProject
Project("{9A19103F-16F7-4668-BE54-9A1E7A4F7556}") = "10-Tipos", "10-Tipos\10-Tipos.csproj", "{A3FB107F-253C-47EF-9A27-1A66E4C27B3B}"
EndProject
Project("{9A19103F-16F7-4668-BE54-9A1E7A4F7556}") = "11-Nullable", "11-Nullable\11-Nullable.csproj", "{ABC5A6C2-7B8C-4F91-9E28-1087A152B4D9}"
EndProject
Project("{9A19103F-16F7-4668-BE54-9A1E7A4F7556}") = "12-Arrays01", "12-Arrays01\12-Arrays01.csproj", "{01EF3E16-8D34-470A-B608-32566C5735BD}"
EndProject
Project("{9A19103F-16F7-4668-BE54-9A1E7A4F7556}") = "13-Arrays02", "13-Arrays02\13-Arrays02.csproj", "{A0EC89C6-17C3-4B40-B8B1-01CDBF251DD5}"
EndProject
Project("{9A19103F-16F7-4668-BE54-9A1E7A4F7556}") = "14-Array-Exercicio", "14-Array-Exercicio\14-Array-Exercicio.csproj", "{D74058D4-1026-48C2-A65D-1485C15EF5E3}"
EndProject
Project("{9A19103F-16F7-4668-BE54-9A1E7A4F7556}") = "15-ModificadoresParametrosParams", "15-ModificadoresParametrosParams\15-ModificadoresParametrosParams.csproj", "{BA57BB3B-7EF5-4834-9F5E-F821AA005FEF}"
EndProject
Project("{9A19103F-16F7-4668-BE54-9A1E7A4F7556}") = "16-ModificadoresParametrosRefOut", "16-ModificadoresParametrosRefOut\16-ModificadoresParametrosRefOut.csproj", "{C17BFE58-3300-418C-A7F2-9CC0B1393FA2}"
EndProject
Project("{9A19103F-16F7-4668-BE54-9A1E7A4F7556}") = "17-Foreach", "17-Foreach\17-Foreach.csproj", "{6585E888-3511-48E8-A11D-FF249DC4BFF2}"
EndProject
Project("{9A19103F-16F7-4668-BE54-9A1E7A4F7556}") = "18-Lista01", "18-Lista01\18-Lista01.csproj", "{5D1AE9DA-09F2-4A1F-B56A-7242713F6E83}"
EndProject
Project("{9A19103F-16F7-4668-BE54-9A1E7A4F7556}") = "19-Lista02", "19-Lista02\19-Lista02.csproj", "{FD1003C8-F010-45E4-BAE8-D4A8D53819BB}"
EndProject
Project("{9A19103F-16F7-4668-BE54-9A1E7A4F7556}") = "20-Matrizes", "20-Matrizes\20-Matrizes.csproj", "{0944F73C-729C-4537-B3CF-0DD91C45C542}"
EndProject
Project("{9A19103F-16F7-4668-BE54-9A1E7A4F7556}") = "21-Matrizes-Exercicio", "21-Matrizes-Exercicio\21-Matrizes-Exercicio.csproj", "{5A9A382A-A0F6-4CF6-B57C-83395580EC9C}"
EndProject
Project("{9A19103F-16F7-4668-BE54-9A1E7A4F7556}") = "22-InferenciaDeTipos", "22-InferenciaDeTipos\22-InferenciaDeTipos.csproj", "{9EB16D03-FEFF-445A-8C04-1D1AEF7CAE56}"
EndProject
Project("{9A19103F-16F7-4668-BE54-9A1E7A4F7556}") = "23-SwitchCase", "23-SwitchCase\23-SwitchCase.csproj", "{1A65AE8F-2B0B-497A-8E68-2EA65A8BD9E3}"
EndProject
Project("{9A19103F-16F7-4668-BE54-9A1E7A4F7556}") = "24-ExpressaoCondicionalTernaria", "24-ExpressaoCondicionalTernaria\24-ExpressaoCondicionalTernaria.csproj", "{0FA4A3B6-8EB8-440E-A55B-6B1C27F24184}"
EndProject
Project("{9A19103F-16F7-4668-BE54-9A1E7A4F7556}") = "25-FuncoesParaString", "25-FuncoesParaString\25-FuncoesParaString.csproj", "{7089316A-D5FC-468E-A6ED-CD0570BFAA1B}"
EndProject
Project("{9A19103F-16F7-4668-BE54-9A1E7A4F7556}") = "26-DateTime", "26-DateTime\26-DateTime.csproj", "{6D20D382-C4F0-4C7D-8A46-31677A2920FB}"
EndProject
Project("{9A19103F-16F7-4668-BE54-9A1E7A4F7556}") = "27-TimeSpan", "27-TimeSpan\27-TimeSpan.csproj", "{1D58C92E-E8D5-44D1-A235-741A89F8383E}"
EndProject
Project("{9A19103F-16F7-4668-BE54-9A1E7A4F7556}") = "28-PropriedadesOperacoesDateTime", "28-PropriedadesOperacoesDateTime\28-PropriedadesOperacoesDateTime.csproj", "{790434DF-BAB9-402F-A56E-7802AC5967CD}"
EndProject
Project("{9A19103F-16F7-4668-BE54-9A1E7A4F7556}") = "29-PropriedadesOperacoesTimeSpan", "29-PropriedadesOperacoesTimeSpan\29-PropriedadesOperacoesTimeSpan.csproj", "{D1B861C0-5B54-4CED-B10C-6F604335CF13}"
EndProject
Project("{9A19103F-16F7-4668-BE54-9A1E7A4F7556}") = "30-DateTimeKindPadraoISO", "30-DateTimeKindPadraoISO\30-DateTimeKindPadraoISO.csproj", "{E1567BE6-7C88-4E54-B9E3-32417E36FC3F}"
EndProject
Project("{9A19103F-16F7-4668-BE54-9A1E7A4F7556}") = "31-Enumeracoes", "31-Enumeracoes\31-Enumeracoes.csproj", "{E5C66046-A557-497B-8DA5-5666A96F3DA1}"
EndProject
Project("{9A19103F-16F7-4668-BE54-9A1E7A4F7556}") = "32-Heranca", "32-Heranca\32-Heranca.csproj", "{69E663B3-1C51-498B-88C2-DEDC1695CA8A}"
EndProject
Project("{9A19103F-16F7-4668-BE54-9A1E7A4F7556}") = "33-Sobreposicao-Override-Virtual-Base", "33-Sobreposicao-Override-Virtual-Base\33-Sobreposicao-Override-Virtual-Base.csproj", "{168ABD32-A62A-4EE3-820D-A1EAF7CD00D0}"
EndProject
Project("{FAE04EC0-301F-11D3-BF4B-00C04F79EFBC}") = "34-ClasseAbstrata", "34-ClasseAbstrata\34-ClasseAbstrata.csproj", "{A048414C-2E86-4AE4-B370-436EA41F39F5}"
EndProject
Project("{FAE04EC0-301F-11D3-BF4B-00C04F79EFBC}") = "35-MetodoAbstrato", "35-MetodoAbstrato\35-MetodoAbstrato.csproj", "{82553A69-935C-4920-AF64-5842D860887D}"
EndProject
Global
	GlobalSection(SolutionConfigurationPlatforms) = preSolution
		Debug|Any CPU = Debug|Any CPU
		Release|Any CPU = Release|Any CPU
	EndGlobalSection
	GlobalSection(ProjectConfigurationPlatforms) = postSolution
		{AC93362F-9626-4599-A33B-B1E3B4DC9E63}.Debug|Any CPU.ActiveCfg = Debug|Any CPU
		{AC93362F-9626-4599-A33B-B1E3B4DC9E63}.Debug|Any CPU.Build.0 = Debug|Any CPU
		{AC93362F-9626-4599-A33B-B1E3B4DC9E63}.Release|Any CPU.ActiveCfg = Release|Any CPU
		{AC93362F-9626-4599-A33B-B1E3B4DC9E63}.Release|Any CPU.Build.0 = Release|Any CPU
		{E8CBF7D5-FC77-4D7C-9BC6-9BFE257B767D}.Debug|Any CPU.ActiveCfg = Debug|Any CPU
		{E8CBF7D5-FC77-4D7C-9BC6-9BFE257B767D}.Debug|Any CPU.Build.0 = Debug|Any CPU
		{E8CBF7D5-FC77-4D7C-9BC6-9BFE257B767D}.Release|Any CPU.ActiveCfg = Release|Any CPU
		{E8CBF7D5-FC77-4D7C-9BC6-9BFE257B767D}.Release|Any CPU.Build.0 = Release|Any CPU
		{ED5C495F-74F5-4894-9D9F-D829BE9680E1}.Debug|Any CPU.ActiveCfg = Debug|Any CPU
		{ED5C495F-74F5-4894-9D9F-D829BE9680E1}.Debug|Any CPU.Build.0 = Debug|Any CPU
		{ED5C495F-74F5-4894-9D9F-D829BE9680E1}.Release|Any CPU.ActiveCfg = Release|Any CPU
		{ED5C495F-74F5-4894-9D9F-D829BE9680E1}.Release|Any CPU.Build.0 = Release|Any CPU
		{E9C5F51F-506E-453D-8E35-37A4206B3091}.Debug|Any CPU.ActiveCfg = Debug|Any CPU
		{E9C5F51F-506E-453D-8E35-37A4206B3091}.Debug|Any CPU.Build.0 = Debug|Any CPU
		{E9C5F51F-506E-453D-8E35-37A4206B3091}.Release|Any CPU.ActiveCfg = Release|Any CPU
		{E9C5F51F-506E-453D-8E35-37A4206B3091}.Release|Any CPU.Build.0 = Release|Any CPU
		{2FA67E6B-9E9A-4047-823D-BCB8D5192EF1}.Debug|Any CPU.ActiveCfg = Debug|Any CPU
		{2FA67E6B-9E9A-4047-823D-BCB8D5192EF1}.Debug|Any CPU.Build.0 = Debug|Any CPU
		{2FA67E6B-9E9A-4047-823D-BCB8D5192EF1}.Release|Any CPU.ActiveCfg = Release|Any CPU
		{2FA67E6B-9E9A-4047-823D-BCB8D5192EF1}.Release|Any CPU.Build.0 = Release|Any CPU
		{AC0BB977-6512-43DC-B2EE-DDE2DFF13A3B}.Debug|Any CPU.ActiveCfg = Debug|Any CPU
		{AC0BB977-6512-43DC-B2EE-DDE2DFF13A3B}.Debug|Any CPU.Build.0 = Debug|Any CPU
		{AC0BB977-6512-43DC-B2EE-DDE2DFF13A3B}.Release|Any CPU.ActiveCfg = Release|Any CPU
		{AC0BB977-6512-43DC-B2EE-DDE2DFF13A3B}.Release|Any CPU.Build.0 = Release|Any CPU
		{CE2D7D46-A7C1-4E77-9974-B54C60115173}.Debug|Any CPU.ActiveCfg = Debug|Any CPU
		{CE2D7D46-A7C1-4E77-9974-B54C60115173}.Debug|Any CPU.Build.0 = Debug|Any CPU
		{CE2D7D46-A7C1-4E77-9974-B54C60115173}.Release|Any CPU.ActiveCfg = Release|Any CPU
		{CE2D7D46-A7C1-4E77-9974-B54C60115173}.Release|Any CPU.Build.0 = Release|Any CPU
		{D5CDD174-FE91-4735-B117-EF98E9C7FA0B}.Debug|Any CPU.ActiveCfg = Debug|Any CPU
		{D5CDD174-FE91-4735-B117-EF98E9C7FA0B}.Debug|Any CPU.Build.0 = Debug|Any CPU
		{D5CDD174-FE91-4735-B117-EF98E9C7FA0B}.Release|Any CPU.ActiveCfg = Release|Any CPU
		{D5CDD174-FE91-4735-B117-EF98E9C7FA0B}.Release|Any CPU.Build.0 = Release|Any CPU
		{282A709D-0307-474B-A596-241204CCC176}.Debug|Any CPU.ActiveCfg = Debug|Any CPU
		{282A709D-0307-474B-A596-241204CCC176}.Debug|Any CPU.Build.0 = Debug|Any CPU
		{282A709D-0307-474B-A596-241204CCC176}.Release|Any CPU.ActiveCfg = Release|Any CPU
		{282A709D-0307-474B-A596-241204CCC176}.Release|Any CPU.Build.0 = Release|Any CPU
		{A3FB107F-253C-47EF-9A27-1A66E4C27B3B}.Debug|Any CPU.ActiveCfg = Debug|Any CPU
		{A3FB107F-253C-47EF-9A27-1A66E4C27B3B}.Debug|Any CPU.Build.0 = Debug|Any CPU
		{A3FB107F-253C-47EF-9A27-1A66E4C27B3B}.Release|Any CPU.ActiveCfg = Release|Any CPU
		{A3FB107F-253C-47EF-9A27-1A66E4C27B3B}.Release|Any CPU.Build.0 = Release|Any CPU
		{ABC5A6C2-7B8C-4F91-9E28-1087A152B4D9}.Debug|Any CPU.ActiveCfg = Debug|Any CPU
		{ABC5A6C2-7B8C-4F91-9E28-1087A152B4D9}.Debug|Any CPU.Build.0 = Debug|Any CPU
		{ABC5A6C2-7B8C-4F91-9E28-1087A152B4D9}.Release|Any CPU.ActiveCfg = Release|Any CPU
		{ABC5A6C2-7B8C-4F91-9E28-1087A152B4D9}.Release|Any CPU.Build.0 = Release|Any CPU
		{01EF3E16-8D34-470A-B608-32566C5735BD}.Debug|Any CPU.ActiveCfg = Debug|Any CPU
		{01EF3E16-8D34-470A-B608-32566C5735BD}.Debug|Any CPU.Build.0 = Debug|Any CPU
		{01EF3E16-8D34-470A-B608-32566C5735BD}.Release|Any CPU.ActiveCfg = Release|Any CPU
		{01EF3E16-8D34-470A-B608-32566C5735BD}.Release|Any CPU.Build.0 = Release|Any CPU
		{A0EC89C6-17C3-4B40-B8B1-01CDBF251DD5}.Debug|Any CPU.ActiveCfg = Debug|Any CPU
		{A0EC89C6-17C3-4B40-B8B1-01CDBF251DD5}.Debug|Any CPU.Build.0 = Debug|Any CPU
		{A0EC89C6-17C3-4B40-B8B1-01CDBF251DD5}.Release|Any CPU.ActiveCfg = Release|Any CPU
		{A0EC89C6-17C3-4B40-B8B1-01CDBF251DD5}.Release|Any CPU.Build.0 = Release|Any CPU
		{D74058D4-1026-48C2-A65D-1485C15EF5E3}.Debug|Any CPU.ActiveCfg = Debug|Any CPU
		{D74058D4-1026-48C2-A65D-1485C15EF5E3}.Debug|Any CPU.Build.0 = Debug|Any CPU
		{D74058D4-1026-48C2-A65D-1485C15EF5E3}.Release|Any CPU.ActiveCfg = Release|Any CPU
		{D74058D4-1026-48C2-A65D-1485C15EF5E3}.Release|Any CPU.Build.0 = Release|Any CPU
		{BA57BB3B-7EF5-4834-9F5E-F821AA005FEF}.Debug|Any CPU.ActiveCfg = Debug|Any CPU
		{BA57BB3B-7EF5-4834-9F5E-F821AA005FEF}.Debug|Any CPU.Build.0 = Debug|Any CPU
		{BA57BB3B-7EF5-4834-9F5E-F821AA005FEF}.Release|Any CPU.ActiveCfg = Release|Any CPU
		{BA57BB3B-7EF5-4834-9F5E-F821AA005FEF}.Release|Any CPU.Build.0 = Release|Any CPU
		{C17BFE58-3300-418C-A7F2-9CC0B1393FA2}.Debug|Any CPU.ActiveCfg = Debug|Any CPU
		{C17BFE58-3300-418C-A7F2-9CC0B1393FA2}.Debug|Any CPU.Build.0 = Debug|Any CPU
		{C17BFE58-3300-418C-A7F2-9CC0B1393FA2}.Release|Any CPU.ActiveCfg = Release|Any CPU
		{C17BFE58-3300-418C-A7F2-9CC0B1393FA2}.Release|Any CPU.Build.0 = Release|Any CPU
		{6585E888-3511-48E8-A11D-FF249DC4BFF2}.Debug|Any CPU.ActiveCfg = Debug|Any CPU
		{6585E888-3511-48E8-A11D-FF249DC4BFF2}.Debug|Any CPU.Build.0 = Debug|Any CPU
		{6585E888-3511-48E8-A11D-FF249DC4BFF2}.Release|Any CPU.ActiveCfg = Release|Any CPU
		{6585E888-3511-48E8-A11D-FF249DC4BFF2}.Release|Any CPU.Build.0 = Release|Any CPU
		{5D1AE9DA-09F2-4A1F-B56A-7242713F6E83}.Debug|Any CPU.ActiveCfg = Debug|Any CPU
		{5D1AE9DA-09F2-4A1F-B56A-7242713F6E83}.Debug|Any CPU.Build.0 = Debug|Any CPU
		{5D1AE9DA-09F2-4A1F-B56A-7242713F6E83}.Release|Any CPU.ActiveCfg = Release|Any CPU
		{5D1AE9DA-09F2-4A1F-B56A-7242713F6E83}.Release|Any CPU.Build.0 = Release|Any CPU
		{FD1003C8-F010-45E4-BAE8-D4A8D53819BB}.Debug|Any CPU.ActiveCfg = Debug|Any CPU
		{FD1003C8-F010-45E4-BAE8-D4A8D53819BB}.Debug|Any CPU.Build.0 = Debug|Any CPU
		{FD1003C8-F010-45E4-BAE8-D4A8D53819BB}.Release|Any CPU.ActiveCfg = Release|Any CPU
		{FD1003C8-F010-45E4-BAE8-D4A8D53819BB}.Release|Any CPU.Build.0 = Release|Any CPU
		{0944F73C-729C-4537-B3CF-0DD91C45C542}.Debug|Any CPU.ActiveCfg = Debug|Any CPU
		{0944F73C-729C-4537-B3CF-0DD91C45C542}.Debug|Any CPU.Build.0 = Debug|Any CPU
		{0944F73C-729C-4537-B3CF-0DD91C45C542}.Release|Any CPU.ActiveCfg = Release|Any CPU
		{0944F73C-729C-4537-B3CF-0DD91C45C542}.Release|Any CPU.Build.0 = Release|Any CPU
		{5A9A382A-A0F6-4CF6-B57C-83395580EC9C}.Debug|Any CPU.ActiveCfg = Debug|Any CPU
		{5A9A382A-A0F6-4CF6-B57C-83395580EC9C}.Debug|Any CPU.Build.0 = Debug|Any CPU
		{5A9A382A-A0F6-4CF6-B57C-83395580EC9C}.Release|Any CPU.ActiveCfg = Release|Any CPU
		{5A9A382A-A0F6-4CF6-B57C-83395580EC9C}.Release|Any CPU.Build.0 = Release|Any CPU
		{9EB16D03-FEFF-445A-8C04-1D1AEF7CAE56}.Debug|Any CPU.ActiveCfg = Debug|Any CPU
		{9EB16D03-FEFF-445A-8C04-1D1AEF7CAE56}.Debug|Any CPU.Build.0 = Debug|Any CPU
		{9EB16D03-FEFF-445A-8C04-1D1AEF7CAE56}.Release|Any CPU.ActiveCfg = Release|Any CPU
		{9EB16D03-FEFF-445A-8C04-1D1AEF7CAE56}.Release|Any CPU.Build.0 = Release|Any CPU
		{1A65AE8F-2B0B-497A-8E68-2EA65A8BD9E3}.Debug|Any CPU.ActiveCfg = Debug|Any CPU
		{1A65AE8F-2B0B-497A-8E68-2EA65A8BD9E3}.Debug|Any CPU.Build.0 = Debug|Any CPU
		{1A65AE8F-2B0B-497A-8E68-2EA65A8BD9E3}.Release|Any CPU.ActiveCfg = Release|Any CPU
		{1A65AE8F-2B0B-497A-8E68-2EA65A8BD9E3}.Release|Any CPU.Build.0 = Release|Any CPU
		{0FA4A3B6-8EB8-440E-A55B-6B1C27F24184}.Debug|Any CPU.ActiveCfg = Debug|Any CPU
		{0FA4A3B6-8EB8-440E-A55B-6B1C27F24184}.Debug|Any CPU.Build.0 = Debug|Any CPU
		{0FA4A3B6-8EB8-440E-A55B-6B1C27F24184}.Release|Any CPU.ActiveCfg = Release|Any CPU
		{0FA4A3B6-8EB8-440E-A55B-6B1C27F24184}.Release|Any CPU.Build.0 = Release|Any CPU
		{7089316A-D5FC-468E-A6ED-CD0570BFAA1B}.Debug|Any CPU.ActiveCfg = Debug|Any CPU
		{7089316A-D5FC-468E-A6ED-CD0570BFAA1B}.Debug|Any CPU.Build.0 = Debug|Any CPU
		{7089316A-D5FC-468E-A6ED-CD0570BFAA1B}.Release|Any CPU.ActiveCfg = Release|Any CPU
		{7089316A-D5FC-468E-A6ED-CD0570BFAA1B}.Release|Any CPU.Build.0 = Release|Any CPU
		{6D20D382-C4F0-4C7D-8A46-31677A2920FB}.Debug|Any CPU.ActiveCfg = Debug|Any CPU
		{6D20D382-C4F0-4C7D-8A46-31677A2920FB}.Debug|Any CPU.Build.0 = Debug|Any CPU
		{6D20D382-C4F0-4C7D-8A46-31677A2920FB}.Release|Any CPU.ActiveCfg = Release|Any CPU
		{6D20D382-C4F0-4C7D-8A46-31677A2920FB}.Release|Any CPU.Build.0 = Release|Any CPU
		{1D58C92E-E8D5-44D1-A235-741A89F8383E}.Debug|Any CPU.ActiveCfg = Debug|Any CPU
		{1D58C92E-E8D5-44D1-A235-741A89F8383E}.Debug|Any CPU.Build.0 = Debug|Any CPU
		{1D58C92E-E8D5-44D1-A235-741A89F8383E}.Release|Any CPU.ActiveCfg = Release|Any CPU
		{1D58C92E-E8D5-44D1-A235-741A89F8383E}.Release|Any CPU.Build.0 = Release|Any CPU
		{790434DF-BAB9-402F-A56E-7802AC5967CD}.Debug|Any CPU.ActiveCfg = Debug|Any CPU
		{790434DF-BAB9-402F-A56E-7802AC5967CD}.Debug|Any CPU.Build.0 = Debug|Any CPU
		{790434DF-BAB9-402F-A56E-7802AC5967CD}.Release|Any CPU.ActiveCfg = Release|Any CPU
		{790434DF-BAB9-402F-A56E-7802AC5967CD}.Release|Any CPU.Build.0 = Release|Any CPU
		{D1B861C0-5B54-4CED-B10C-6F604335CF13}.Debug|Any CPU.ActiveCfg = Debug|Any CPU
		{D1B861C0-5B54-4CED-B10C-6F604335CF13}.Debug|Any CPU.Build.0 = Debug|Any CPU
		{D1B861C0-5B54-4CED-B10C-6F604335CF13}.Release|Any CPU.ActiveCfg = Release|Any CPU
		{D1B861C0-5B54-4CED-B10C-6F604335CF13}.Release|Any CPU.Build.0 = Release|Any CPU
		{E1567BE6-7C88-4E54-B9E3-32417E36FC3F}.Debug|Any CPU.ActiveCfg = Debug|Any CPU
		{E1567BE6-7C88-4E54-B9E3-32417E36FC3F}.Debug|Any CPU.Build.0 = Debug|Any CPU
		{E1567BE6-7C88-4E54-B9E3-32417E36FC3F}.Release|Any CPU.ActiveCfg = Release|Any CPU
		{E1567BE6-7C88-4E54-B9E3-32417E36FC3F}.Release|Any CPU.Build.0 = Release|Any CPU
		{E5C66046-A557-497B-8DA5-5666A96F3DA1}.Debug|Any CPU.ActiveCfg = Debug|Any CPU
		{E5C66046-A557-497B-8DA5-5666A96F3DA1}.Debug|Any CPU.Build.0 = Debug|Any CPU
		{E5C66046-A557-497B-8DA5-5666A96F3DA1}.Release|Any CPU.ActiveCfg = Release|Any CPU
		{E5C66046-A557-497B-8DA5-5666A96F3DA1}.Release|Any CPU.Build.0 = Release|Any CPU
		{69E663B3-1C51-498B-88C2-DEDC1695CA8A}.Debug|Any CPU.ActiveCfg = Debug|Any CPU
		{69E663B3-1C51-498B-88C2-DEDC1695CA8A}.Debug|Any CPU.Build.0 = Debug|Any CPU
		{69E663B3-1C51-498B-88C2-DEDC1695CA8A}.Release|Any CPU.ActiveCfg = Release|Any CPU
		{69E663B3-1C51-498B-88C2-DEDC1695CA8A}.Release|Any CPU.Build.0 = Release|Any CPU
		{168ABD32-A62A-4EE3-820D-A1EAF7CD00D0}.Debug|Any CPU.ActiveCfg = Debug|Any CPU
		{168ABD32-A62A-4EE3-820D-A1EAF7CD00D0}.Debug|Any CPU.Build.0 = Debug|Any CPU
		{168ABD32-A62A-4EE3-820D-A1EAF7CD00D0}.Release|Any CPU.ActiveCfg = Release|Any CPU
		{168ABD32-A62A-4EE3-820D-A1EAF7CD00D0}.Release|Any CPU.Build.0 = Release|Any CPU
		{A048414C-2E86-4AE4-B370-436EA41F39F5}.Debug|Any CPU.ActiveCfg = Debug|Any CPU
		{A048414C-2E86-4AE4-B370-436EA41F39F5}.Debug|Any CPU.Build.0 = Debug|Any CPU
		{A048414C-2E86-4AE4-B370-436EA41F39F5}.Release|Any CPU.ActiveCfg = Release|Any CPU
		{A048414C-2E86-4AE4-B370-436EA41F39F5}.Release|Any CPU.Build.0 = Release|Any CPU
		{82553A69-935C-4920-AF64-5842D860887D}.Debug|Any CPU.ActiveCfg = Debug|Any CPU
		{82553A69-935C-4920-AF64-5842D860887D}.Debug|Any CPU.Build.0 = Debug|Any CPU
		{82553A69-935C-4920-AF64-5842D860887D}.Release|Any CPU.ActiveCfg = Release|Any CPU
		{82553A69-935C-4920-AF64-5842D860887D}.Release|Any CPU.Build.0 = Release|Any CPU
	EndGlobalSection
	GlobalSection(SolutionProperties) = preSolution
		HideSolutionNode = FALSE
	EndGlobalSection
	GlobalSection(ExtensibilityGlobals) = postSolution
		SolutionGuid = {24359D33-275E-4819-A871-47F5A9A1E538}
	EndGlobalSection
EndGlobal
