
Microsoft Visual Studio Solution File, Format Version 12.00
# Visual Studio Version 16
VisualStudioVersion = 16.0.31019.35
MinimumVisualStudioVersion = 10.0.40219.1
Project("{9A19103F-16F7-4668-BE54-9A1E7A4F7556}") = "03-Construtores", "03-Construtores\03-Construtores.csproj", "{AC93362F-9626-4599-A33B-B1E3B4DC9E63}"
EndProject
Project("{9A19103F-16F7-4668-BE54-9A1E7A4F7556}") = "04-Sobrecarga", "04-Sobrecarga\04-Sobrecarga.csproj", "{E8CBF7D5-FC77-4D7C-9BC6-9BFE257B767D}"
EndProject
Project("{9A19103F-16F7-4668-BE54-9A1E7A4F7556}") = "01-ClassesAtributosMetodos", "01-ClassesAtributosMetodos\01-ClassesAtributosMetodos.csproj", "{ED5C495F-74F5-4894-9D9F-D829BE9680E1}"
EndProject
Project("{9A19103F-16F7-4668-BE54-9A1E7A4F7556}") = "02-MembrosEstaticos", "02-MembrosEstaticos\02-MembrosEstaticos.csproj", "{E9C5F51F-506E-453D-8E35-37A4206B3091}"
EndProject
Project("{9A19103F-16F7-4668-BE54-9A1E7A4F7556}") = "05-SintaxeAlternativaCSharp", "05-SintaxeAlternativaCSharp\05-SintaxeAlternativaCSharp.csproj", "{2FA67E6B-9E9A-4047-823D-BCB8D5192EF1}"
EndProject
Project("{9A19103F-16F7-4668-BE54-9A1E7A4F7556}") = "06-This", "06-This\06-This.csproj", "{AC0BB977-6512-43DC-B2EE-DDE2DFF13A3B}"
EndProject
Project("{9A19103F-16F7-4668-BE54-9A1E7A4F7556}") = "07-Encapsulamento", "07-Encapsulamento\07-Encapsulamento.csproj", "{CE2D7D46-A7C1-4E77-9974-B54C60115173}"
EndProject
Project("{9A19103F-16F7-4668-BE54-9A1E7A4F7556}") = "08-Properties", "08-Properties\08-Properties.csproj", "{D5CDD174-FE91-4735-B117-EF98E9C7FA0B}"
EndProject
Project("{9A19103F-16F7-4668-BE54-9A1E7A4F7556}") = "09-AutoProperties", "09-AutoProperties\09-AutoProperties.csproj", "{282A709D-0307-474B-A596-241204CCC176}"
EndProject
Project("{FAE04EC0-301F-11D3-BF4B-00C04F79EFBC}") = "10-Tipos", "10-Tipos\10-Tipos.csproj", "{A3FB107F-253C-47EF-9A27-1A66E4C27B3B}"
EndProject
Global
	GlobalSection(SolutionConfigurationPlatforms) = preSolution
		Debug|Any CPU = Debug|Any CPU
		Release|Any CPU = Release|Any CPU
	EndGlobalSection
	GlobalSection(ProjectConfigurationPlatforms) = postSolution
		{AC93362F-9626-4599-A33B-B1E3B4DC9E63}.Debug|Any CPU.ActiveCfg = Debug|Any CPU
		{AC93362F-9626-4599-A33B-B1E3B4DC9E63}.Debug|Any CPU.Build.0 = Debug|Any CPU
		{AC93362F-9626-4599-A33B-B1E3B4DC9E63}.Release|Any CPU.ActiveCfg = Release|Any CPU
		{AC93362F-9626-4599-A33B-B1E3B4DC9E63}.Release|Any CPU.Build.0 = Release|Any CPU
		{E8CBF7D5-FC77-4D7C-9BC6-9BFE257B767D}.Debug|Any CPU.ActiveCfg = Debug|Any CPU
		{E8CBF7D5-FC77-4D7C-9BC6-9BFE257B767D}.Debug|Any CPU.Build.0 = Debug|Any CPU
		{E8CBF7D5-FC77-4D7C-9BC6-9BFE257B767D}.Release|Any CPU.ActiveCfg = Release|Any CPU
		{E8CBF7D5-FC77-4D7C-9BC6-9BFE257B767D}.Release|Any CPU.Build.0 = Release|Any CPU
		{ED5C495F-74F5-4894-9D9F-D829BE9680E1}.Debug|Any CPU.ActiveCfg = Debug|Any CPU
		{ED5C495F-74F5-4894-9D9F-D829BE9680E1}.Debug|Any CPU.Build.0 = Debug|Any CPU
		{ED5C495F-74F5-4894-9D9F-D829BE9680E1}.Release|Any CPU.ActiveCfg = Release|Any CPU
		{ED5C495F-74F5-4894-9D9F-D829BE9680E1}.Release|Any CPU.Build.0 = Release|Any CPU
		{E9C5F51F-506E-453D-8E35-37A4206B3091}.Debug|Any CPU.ActiveCfg = Debug|Any CPU
		{E9C5F51F-506E-453D-8E35-37A4206B3091}.Debug|Any CPU.Build.0 = Debug|Any CPU
		{E9C5F51F-506E-453D-8E35-37A4206B3091}.Release|Any CPU.ActiveCfg = Release|Any CPU
		{E9C5F51F-506E-453D-8E35-37A4206B3091}.Release|Any CPU.Build.0 = Release|Any CPU
		{2FA67E6B-9E9A-4047-823D-BCB8D5192EF1}.Debug|Any CPU.ActiveCfg = Debug|Any CPU
		{2FA67E6B-9E9A-4047-823D-BCB8D5192EF1}.Debug|Any CPU.Build.0 = Debug|Any CPU
		{2FA67E6B-9E9A-4047-823D-BCB8D5192EF1}.Release|Any CPU.ActiveCfg = Release|Any CPU
		{2FA67E6B-9E9A-4047-823D-BCB8D5192EF1}.Release|Any CPU.Build.0 = Release|Any CPU
		{AC0BB977-6512-43DC-B2EE-DDE2DFF13A3B}.Debug|Any CPU.ActiveCfg = Debug|Any CPU
		{AC0BB977-6512-43DC-B2EE-DDE2DFF13A3B}.Debug|Any CPU.Build.0 = Debug|Any CPU
		{AC0BB977-6512-43DC-B2EE-DDE2DFF13A3B}.Release|Any CPU.ActiveCfg = Release|Any CPU
		{AC0BB977-6512-43DC-B2EE-DDE2DFF13A3B}.Release|Any CPU.Build.0 = Release|Any CPU
		{CE2D7D46-A7C1-4E77-9974-B54C60115173}.Debug|Any CPU.ActiveCfg = Debug|Any CPU
		{CE2D7D46-A7C1-4E77-9974-B54C60115173}.Debug|Any CPU.Build.0 = Debug|Any CPU
		{CE2D7D46-A7C1-4E77-9974-B54C60115173}.Release|Any CPU.ActiveCfg = Release|Any CPU
		{CE2D7D46-A7C1-4E77-9974-B54C60115173}.Release|Any CPU.Build.0 = Release|Any CPU
		{D5CDD174-FE91-4735-B117-EF98E9C7FA0B}.Debug|Any CPU.ActiveCfg = Debug|Any CPU
		{D5CDD174-FE91-4735-B117-EF98E9C7FA0B}.Debug|Any CPU.Build.0 = Debug|Any CPU
		{D5CDD174-FE91-4735-B117-EF98E9C7FA0B}.Release|Any CPU.ActiveCfg = Release|Any CPU
		{D5CDD174-FE91-4735-B117-EF98E9C7FA0B}.Release|Any CPU.Build.0 = Release|Any CPU
		{282A709D-0307-474B-A596-241204CCC176}.Debug|Any CPU.ActiveCfg = Debug|Any CPU
		{282A709D-0307-474B-A596-241204CCC176}.Debug|Any CPU.Build.0 = Debug|Any CPU
		{282A709D-0307-474B-A596-241204CCC176}.Release|Any CPU.ActiveCfg = Release|Any CPU
		{282A709D-0307-474B-A596-241204CCC176}.Release|Any CPU.Build.0 = Release|Any CPU
		{A3FB107F-253C-47EF-9A27-1A66E4C27B3B}.Debug|Any CPU.ActiveCfg = Debug|Any CPU
		{A3FB107F-253C-47EF-9A27-1A66E4C27B3B}.Debug|Any CPU.Build.0 = Debug|Any CPU
		{A3FB107F-253C-47EF-9A27-1A66E4C27B3B}.Release|Any CPU.ActiveCfg = Release|Any CPU
		{A3FB107F-253C-47EF-9A27-1A66E4C27B3B}.Release|Any CPU.Build.0 = Release|Any CPU
	EndGlobalSection
	GlobalSection(SolutionProperties) = preSolution
		HideSolutionNode = FALSE
	EndGlobalSection
	GlobalSection(ExtensibilityGlobals) = postSolution
		SolutionGuid = {24359D33-275E-4819-A871-47F5A9A1E538}
	EndGlobalSection
EndGlobal
